
Microsoft Visual Studio Solution File, Format Version 12.00
# Visual Studio Version 16
VisualStudioVersion = 16.0.31702.278
MinimumVisualStudioVersion = 10.0.40219.1
Project("{8BC9CEB8-8B4A-11D0-8D11-00A0C91BC942}") = "3.4", "3.4.vcxproj", "{4DA9CD3D-5803-412D-B044-E47030654DC6}"
EndProject
Global
	GlobalSection(SolutionConfigurationPlatforms) = preSolution
		Debug|x64 = Debug|x64
		Debug|x86 = Debug|x86
		Release|x64 = Release|x64
		Release|x86 = Release|x86
	EndGlobalSection
	GlobalSection(ProjectConfigurationPlatforms) = postSolution
		{4DA9CD3D-5803-412D-B044-E47030654DC6}.Debug|x64.ActiveCfg = Debug|x64
		{4DA9CD3D-5803-412D-B044-E47030654DC6}.Debug|x64.Build.0 = Debug|x64
		{4DA9CD3D-5803-412D-B044-E47030654DC6}.Debug|x86.ActiveCfg = Debug|Win32
		{4DA9CD3D-5803-412D-B044-E47030654DC6}.Debug|x86.Build.0 = Debug|Win32
		{4DA9CD3D-5803-412D-B044-E47030654DC6}.Release|x64.ActiveCfg = Release|x64
		{4DA9CD3D-5803-412D-B044-E47030654DC6}.Release|x64.Build.0 = Release|x64
		{4DA9CD3D-5803-412D-B044-E47030654DC6}.Release|x86.ActiveCfg = Release|Win32
		{4DA9CD3D-5803-412D-B044-E47030654DC6}.Release|x86.Build.0 = Release|Win32
	EndGlobalSection
	GlobalSection(SolutionProperties) = preSolution
		HideSolutionNode = FALSE
	EndGlobalSection
	GlobalSection(ExtensibilityGlobals) = postSolution
		SolutionGuid = {60D93569-E958-495F-9690-FF3511B4FDC3}
	EndGlobalSection
EndGlobal
